<?xml version="1.0" encoding="utf-8"?>
<Project ToolsVersion="4.0" xmlns="http://schemas.microsoft.com/developer/msbuild/2003">
  <ItemGroup>
    <Filter Include="Source Files">
      <UniqueIdentifier>{4FC737F1-C7A5-4376-A066-2A32D752A2FF}</UniqueIdentifier>
      <Extensions>cpp;c;cc;cxx;def;odl;idl;hpj;bat;asm;asmx</Extensions>
    </Filter>
    <Filter Include="Header Files">
      <UniqueIdentifier>{93995380-89BD-4b04-88EB-625FBE52EBFB}</UniqueIdentifier>
      <Extensions>h;hh;hpp;hxx;hm;inl;inc;ipp;xsd</Extensions>
    </Filter>
    <Filter Include="Resource Files">
      <UniqueIdentifier>{67DA6AB6-F800-4c08-8B7A-83BB121AAD01}</UniqueIdentifier>
      <Extensions>rc;ico;cur;bmp;dlg;rc2;rct;bin;rgs;gif;jpg;jpeg;jpe;resx;tiff;tif;png;wav;mfcribbon-ms</Extensions>
    </Filter>
  </ItemGroup>
  <ItemGroup>
    <ClInclude Include="source\KraFight\KraFight.h">
      <Filter>Header Files</Filter>
    </ClInclude>
    <ClInclude Include="source\KraFight\Entity\Entity.h">
      <Filter>Header Files</Filter>
    </ClInclude>
    <ClInclude Include="source\KraFight\Detail\Pointer.h">
      <Filter>Header Files</Filter>
    </ClInclude>
    <ClInclude Include="source\KraFight\Detail\Function.h">
      <Filter>Header Files</Filter>
    </ClInclude>
    <ClInclude Include="source\KraFight\Detail\Handle.h">
      <Filter>Header Files</Filter>
    </ClInclude>
    <ClInclude Include="source\KraFight\Detail\Manager.h">
      <Filter>Header Files</Filter>
    </ClInclude>
    <ClInclude Include="source\KraFight\Network\INetSerialize.h">
      <Filter>Header Files</Filter>
    </ClInclude>
    <ClInclude Include="source\KraFight\Network\NetSaveBuffer.h">
      <Filter>Header Files</Filter>
    </ClInclude>
    <ClInclude Include="source\KraFight\Network\NetLoadBuffer.h">
      <Filter>Header Files</Filter>
    </ClInclude>
    <ClInclude Include="source\KraFight\Network\NetBuffer.h">
      <Filter>Header Files</Filter>
    </ClInclude>
    <ClInclude Include="source\KraFight\Math\Vector2.h">
      <Filter>Header Files</Filter>
    </ClInclude>
    <ClInclude Include="source\KraFight\TypeDef.h">
      <Filter>Header Files</Filter>
    </ClInclude>
    <ClInclude Include="source\KraFight\Detail\Optional.h">
      <Filter>Header Files</Filter>
    </ClInclude>
    <ClInclude Include="source\KraFight\Context.h">
      <Filter>Header Files</Filter>
    </ClInclude>
    <ClInclude Include="source\KraFight\Physics\PhysicsManager.h">
      <Filter>Header Files</Filter>
    </ClInclude>
    <ClInclude Include="source\KraFight\Physics\PhysicsObject.h">
      <Filter>Header Files</Filter>
    </ClInclude>
    <ClInclude Include="source\KraFight\Hitbox\HitProperties.h">
      <Filter>Header Files</Filter>
    </ClInclude>
    <ClInclude Include="source\KraFight\Hitbox\FrameData.h">
      <Filter>Header Files</Filter>
    </ClInclude>
    <ClInclude Include="source\KraFight\Math\FixedPoint.h">
      <Filter>Header Files</Filter>
    </ClInclude>
    <ClInclude Include="source\KraFight\Hitbox\HitboxManager.h">
      <Filter>Header Files</Filter>
    </ClInclude>
    <ClInclude Include="source\KraFight\Entity\EntityManager.h">
      <Filter>Header Files</Filter>
    </ClInclude>
    <ClInclude Include="source\KraFight\Hitbox\HitboxCollection.h">
      <Filter>Header Files</Filter>
    </ClInclude>
    <ClInclude Include="source\KraFight\Consts.h">
      <Filter>Header Files</Filter>
    </ClInclude>
    <ClInclude Include="source\KraFight\Hitbox\AttackResource.h">
      <Filter>Header Files</Filter>
    </ClInclude>
    <ClInclude Include="source\KraFight\Behavior\Timeline.h">
      <Filter>Header Files</Filter>
    </ClInclude>
    <ClInclude Include="source\KraFight\Behavior\TimelineAction.h">
      <Filter>Header Files</Filter>
    </ClInclude>
    <ClInclude Include="source\KraFight\Behavior\TimelineActionFactory.h">
      <Filter>Header Files</Filter>
    </ClInclude>
    <ClInclude Include="source\KraFight\Behavior\TimelineResource.h">
      <Filter>Header Files</Filter>
    </ClInclude>
    <ClInclude Include="source\KraFight\Detail\HasFunctionMacro.h">
      <Filter>Header Files</Filter>
    </ClInclude>
    <ClInclude Include="source\KraFight\Network\HasFunc.h">
      <Filter>Header Files</Filter>
    </ClInclude>
    <ClInclude Include="source\KraFight\Input\InputFrame.h">
      <Filter>Header Files</Filter>
    </ClInclude>
    <ClInclude Include="source\KraFight\Input\InputBuffer.h">
      <Filter>Header Files</Filter>
    </ClInclude>
    <ClInclude Include="source\KraFight\Game.h">
      <Filter>Header Files</Filter>
    </ClInclude>
    <ClInclude Include="source\KraFight\Input\InputManager.h">
      <Filter>Header Files</Filter>
    </ClInclude>
    <ClInclude Include="source\KraFight\Network\SerFuncs\Vector.h">
      <Filter>Header Files</Filter>
    </ClInclude>
    <ClInclude Include="source\KraFight\Entity\Gameplay\PlayerCharacter.h">
      <Filter>Header Files</Filter>
    </ClInclude>
    <ClInclude Include="source\KraFight\Entity\Gameplay\Projectile.h">
      <Filter>Header Files</Filter>
    </ClInclude>
    <ClInclude Include="source\KraFight\Entity\Gameplay\PlayerAttributes.h">
      <Filter>Header Files</Filter>
    </ClInclude>
    <ClInclude Include="source\KraFight\Entity\Gameplay\ProjectileAttributes.h">
      <Filter>Header Files</Filter>
    </ClInclude>
    <ClInclude Include="source\KraFight\Entity\Gameplay\GlobalAttributes.h">
      <Filter>Header Files</Filter>
    </ClInclude>
    <ClInclude Include="source\KraFight\Behavior\StateMachine.h">
      <Filter>Header Files</Filter>
    </ClInclude>
    <ClInclude Include="source\KraFight\Behavior\StateMachineManager.h">
      <Filter>Header Files</Filter>
    </ClInclude>
    <ClInclude Include="source\KraFight\Entity\Gameplay\PlayerStates.h">
      <Filter>Header Files</Filter>
    </ClInclude>
    <ClInclude Include="source\KraFight\Behavior\StateMachineDef.h">
      <Filter>Header Files</Filter>
    </ClInclude>
    <ClInclude Include="source\KraFight\Hitbox\Box.h">
      <Filter>Header Files</Filter>
    </ClInclude>
    <ClInclude Include="source\KraFight\Hitbox\Hitbox.h">
      <Filter>Header Files</Filter>
    </ClInclude>
    <ClInclude Include="source\KraFight\Hitbox\Hurtbox.h">
      <Filter>Header Files</Filter>
    </ClInclude>
    <ClInclude Include="source\KraFight\Hitbox\HurtboxCollection.h">
      <Filter>Header Files</Filter>
    </ClInclude>
    <ClInclude Include="source\KraFight\Hitbox\HitCollision.h">
      <Filter>Header Files</Filter>
    </ClInclude>
    <ClInclude Include="source\KraFight\Hitbox\HitId.h">
      <Filter>Header Files</Filter>
    </ClInclude>
    <ClInclude Include="source\KraFight\Hitbox\HitIdGenerator.h">
      <Filter>Header Files</Filter>
    </ClInclude>
    <ClInclude Include="source\KraFight\Hitbox\HitIdChecklist.h">
      <Filter>Header Files</Filter>
    </ClInclude>
    <ClInclude Include="source\KraFight\Entity\Gameplay\Essentials.h">
      <Filter>Header Files</Filter>
    </ClInclude>
    <ClInclude Include="source\KraFight\Hook\HookManager.h">
      <Filter>Header Files</Filter>
    </ClInclude>
    <ClInclude Include="source\KraFight\Hook\IHook.h">
      <Filter>Header Files</Filter>
    </ClInclude>
    <ClInclude Include="source\KraFight\Entity\Gameplay\AttackTypes.h">
      <Filter>Header Files</Filter>
    </ClInclude>
    <ClInclude Include="source\KraFight\Resource\ResourceManager.h">
      <Filter>Header Files</Filter>
    </ClInclude>
    <ClInclude Include="source\KraFight\Resource\IResource.h">
      <Filter>Header Files</Filter>
    </ClInclude>
    <ClInclude Include="source\KraFight\Entity\Gameplay\ActionModifyHitbox.h">
      <Filter>Header Files</Filter>
    </ClInclude>
    <ClInclude Include="source\KraFight\Entity\Gameplay\ActionModifyHurtbox.h">
      <Filter>Header Files</Filter>
    </ClInclude>
    <ClInclude Include="source\KraFight\Behavior\Attack.h">
      <Filter>Header Files</Filter>
    </ClInclude>
    <ClInclude Include="source\KraFight\Detail\AnyPtr.h">
      <Filter>Header Files</Filter>
    </ClInclude>
    <ClInclude Include="source\KraFight\Hook\EntityTypeIndex.h">
      <Filter>Header Files</Filter>
    </ClInclude>
    <ClInclude Include="source\KraFight\Entity\Gameplay\AttackFuncs.h">
      <Filter>Header Files</Filter>
    </ClInclude>
    <ClInclude Include="source\KraFight\Resource\ResourceStorage.h">
      <Filter>Header Files</Filter>
    </ClInclude>
  </ItemGroup>
  <ItemGroup>
    <ClCompile Include="source\KraFight\Network\NetLoadBuffer.cpp">
      <Filter>Source Files</Filter>
    </ClCompile>
    <ClCompile Include="source\KraFight\Network\NetSaveBuffer.cpp">
      <Filter>Source Files</Filter>
    </ClCompile>
    <ClCompile Include="source\KraFight\Math\Vector2.cpp">
      <Filter>Source Files</Filter>
    </ClCompile>
    <ClCompile Include="source\KraFight\Physics\PhysicsManager.cpp">
      <Filter>Source Files</Filter>
    </ClCompile>
    <ClCompile Include="source\KraFight\Physics\PhysicsObject.cpp">
      <Filter>Source Files</Filter>
    </ClCompile>
    <ClCompile Include="source\KraFight\main.cpp">
      <Filter>Source Files</Filter>
    </ClCompile>
    <ClCompile Include="source\KraFight\Network\NetBuffer.cpp">
      <Filter>Source Files</Filter>
    </ClCompile>
    <ClCompile Include="source\KraFight\Entity\Entity.cpp">
      <Filter>Source Files</Filter>
    </ClCompile>
    <ClCompile Include="source\KraFight\Behavior\TimelineActionFactory.cpp">
      <Filter>Source Files</Filter>
    </ClCompile>
    <ClCompile Include="source\KraFight\Behavior\TimelineResource.cpp">
      <Filter>Source Files</Filter>
    </ClCompile>
    <ClCompile Include="source\KraFight\Behavior\Timeline.cpp">
      <Filter>Source Files</Filter>
    </ClCompile>
    <ClCompile Include="source\KraFight\Network\HasFunc.cpp">
      <Filter>Source Files</Filter>
    </ClCompile>
    <ClCompile Include="source\KraFight\Input\InputFrame.cpp">
      <Filter>Source Files</Filter>
    </ClCompile>
    <ClCompile Include="source\KraFight\Game.cpp">
      <Filter>Source Files</Filter>
    </ClCompile>
    <ClCompile Include="source\KraFight\Hitbox\HitboxCollection.cpp">
      <Filter>Source Files</Filter>
    </ClCompile>
    <ClCompile Include="source\KraFight\Input\InputManager.cpp">
      <Filter>Source Files</Filter>
    </ClCompile>
    <ClCompile Include="source\KraFight\Input\InputBuffer.cpp">
      <Filter>Source Files</Filter>
    </ClCompile>
    <ClCompile Include="source\KraFight\Entity\Gameplay\PlayerCharacter.cpp">
      <Filter>Source Files</Filter>
    </ClCompile>
    <ClCompile Include="source\KraFight\Entity\EntityManager.cpp">
      <Filter>Source Files</Filter>
    </ClCompile>
    <ClCompile Include="source\KraFight\Behavior\StateMachineManager.cpp">
      <Filter>Source Files</Filter>
    </ClCompile>
    <ClCompile Include="source\KraFight\Hitbox\Box.cpp">
      <Filter>Source Files</Filter>
    </ClCompile>
    <ClCompile Include="source\KraFight\Hitbox\HurtboxCollection.cpp">
      <Filter>Source Files</Filter>
    </ClCompile>
    <ClCompile Include="source\KraFight\Hitbox\HitboxManager.cpp">
      <Filter>Source Files</Filter>
    </ClCompile>
    <ClCompile Include="source\KraFight\Hitbox\HitId.cpp">
      <Filter>Source Files</Filter>
    </ClCompile>
    <ClCompile Include="source\KraFight\Hitbox\HitIdGenerator.cpp">
      <Filter>Source Files</Filter>
    </ClCompile>
    <ClCompile Include="source\KraFight\Hitbox\HitIdChecklist.cpp">
      <Filter>Source Files</Filter>
    </ClCompile>
    <ClCompile Include="source\KraFight\TypeDef.cpp">
      <Filter>Source Files</Filter>
    </ClCompile>
    <ClCompile Include="source\KraFight\Entity\Gameplay\ActionModifyHitbox.cpp">
      <Filter>Source Files</Filter>
    </ClCompile>
    <ClCompile Include="source\KraFight\Entity\Gameplay\ActionModifyHurtbox.cpp">
      <Filter>Source Files</Filter>
    </ClCompile>
    <ClCompile Include="source\KraFight\Behavior\Attack.cpp">
      <Filter>Source Files</Filter>
    </ClCompile>
    <ClCompile Include="source\KraFight\Detail\AnyPtr.cpp">
      <Filter>Source Files</Filter>
    </ClCompile>
    <ClCompile Include="source\KraFight\Hook\EntityTypeIndex.cpp">
      <Filter>Source Files</Filter>
    </ClCompile>
    <ClCompile Include="source\KraFight\Entity\Gameplay\AttackFuncs.cpp">
      <Filter>Source Files</Filter>
    </ClCompile>
  </ItemGroup>
</Project>