
Microsoft Visual Studio Solution File, Format Version 12.00
# Visual Studio 15
VisualStudioVersion = 15.0.28306.52
MinimumVisualStudioVersion = 10.0.40219.1
Project("{8BC9CEB8-8B4A-11D0-8D11-00A0C91BC942}") = "KraFight", "KraFight\KraFight.vcxproj", "{946CBAB5-DBDD-4549-8BD3-A72B001732F8}"
EndProject
Project("{8BC9CEB8-8B4A-11D0-8D11-00A0C91BC942}") = "KraNetwork", "KraNetwork\KraNetwork.vcxproj", "{D55F6284-4383-4580-9697-9F064F1D5C60}"
EndProject
Project("{8BC9CEB8-8B4A-11D0-8D11-00A0C91BC942}") = "KraRenderer", "KraRenderer\KraRenderer.vcxproj", "{2F9C3E9A-DF98-461D-948C-72993D0FBDDE}"
	ProjectSection(ProjectDependencies) = postProject
		{946CBAB5-DBDD-4549-8BD3-A72B001732F8} = {946CBAB5-DBDD-4549-8BD3-A72B001732F8}
	EndProjectSection
EndProject
Global
	GlobalSection(SolutionConfigurationPlatforms) = preSolution
		Debug|x64 = Debug|x64
		Debug|x86 = Debug|x86
		Release|x64 = Release|x64
		Release|x86 = Release|x86
	EndGlobalSection
	GlobalSection(ProjectConfigurationPlatforms) = postSolution
		{946CBAB5-DBDD-4549-8BD3-A72B001732F8}.Debug|x64.ActiveCfg = Debug|x64
		{946CBAB5-DBDD-4549-8BD3-A72B001732F8}.Debug|x64.Build.0 = Debug|x64
		{946CBAB5-DBDD-4549-8BD3-A72B001732F8}.Debug|x86.ActiveCfg = Debug|Win32
		{946CBAB5-DBDD-4549-8BD3-A72B001732F8}.Debug|x86.Build.0 = Debug|Win32
		{946CBAB5-DBDD-4549-8BD3-A72B001732F8}.Release|x64.ActiveCfg = Release|x64
		{946CBAB5-DBDD-4549-8BD3-A72B001732F8}.Release|x64.Build.0 = Release|x64
		{946CBAB5-DBDD-4549-8BD3-A72B001732F8}.Release|x86.ActiveCfg = Release|Win32
		{946CBAB5-DBDD-4549-8BD3-A72B001732F8}.Release|x86.Build.0 = Release|Win32
		{D55F6284-4383-4580-9697-9F064F1D5C60}.Debug|x64.ActiveCfg = Debug|x64
		{D55F6284-4383-4580-9697-9F064F1D5C60}.Debug|x64.Build.0 = Debug|x64
		{D55F6284-4383-4580-9697-9F064F1D5C60}.Debug|x86.ActiveCfg = Debug|Win32
		{D55F6284-4383-4580-9697-9F064F1D5C60}.Debug|x86.Build.0 = Debug|Win32
		{D55F6284-4383-4580-9697-9F064F1D5C60}.Release|x64.ActiveCfg = Release|x64
		{D55F6284-4383-4580-9697-9F064F1D5C60}.Release|x64.Build.0 = Release|x64
		{D55F6284-4383-4580-9697-9F064F1D5C60}.Release|x86.ActiveCfg = Release|Win32
		{D55F6284-4383-4580-9697-9F064F1D5C60}.Release|x86.Build.0 = Release|Win32
		{2F9C3E9A-DF98-461D-948C-72993D0FBDDE}.Debug|x64.ActiveCfg = Debug|x64
		{2F9C3E9A-DF98-461D-948C-72993D0FBDDE}.Debug|x64.Build.0 = Debug|x64
		{2F9C3E9A-DF98-461D-948C-72993D0FBDDE}.Debug|x86.ActiveCfg = Debug|Win32
		{2F9C3E9A-DF98-461D-948C-72993D0FBDDE}.Debug|x86.Build.0 = Debug|Win32
		{2F9C3E9A-DF98-461D-948C-72993D0FBDDE}.Release|x64.ActiveCfg = Release|x64
		{2F9C3E9A-DF98-461D-948C-72993D0FBDDE}.Release|x64.Build.0 = Release|x64
		{2F9C3E9A-DF98-461D-948C-72993D0FBDDE}.Release|x86.ActiveCfg = Release|Win32
		{2F9C3E9A-DF98-461D-948C-72993D0FBDDE}.Release|x86.Build.0 = Release|Win32
	EndGlobalSection
	GlobalSection(SolutionProperties) = preSolution
		HideSolutionNode = FALSE
	EndGlobalSection
	GlobalSection(ExtensibilityGlobals) = postSolution
		SolutionGuid = {4DCCAE3E-0532-4627-B1D5-3C1EC63D8F38}
	EndGlobalSection
EndGlobal
